
Microsoft Visual Studio Solution File, Format Version 12.00
# Visual Studio Version 16
VisualStudioVersion = 16.0.29709.97
MinimumVisualStudioVersion = 10.0.40219.1
Project("{FAE04EC0-301F-11D3-BF4B-00C04F79EFBC}") = "XML", "XML\XML.csproj", "{D6C69F15-AB25-4D83-AE90-969ECB4800F3}"
EndProject
Global
	GlobalSection(SolutionConfigurationPlatforms) = preSolution
		Debug|Any CPU = Debug|Any CPU
		Release|Any CPU = Release|Any CPU
	EndGlobalSection
	GlobalSection(ProjectConfigurationPlatforms) = postSolution
		{D6C69F15-AB25-4D83-AE90-969ECB4800F3}.Debug|Any CPU.ActiveCfg = Debug|Any CPU
		{D6C69F15-AB25-4D83-AE90-969ECB4800F3}.Debug|Any CPU.Build.0 = Debug|Any CPU
		{D6C69F15-AB25-4D83-AE90-969ECB4800F3}.Release|Any CPU.ActiveCfg = Release|Any CPU
		{D6C69F15-AB25-4D83-AE90-969ECB4800F3}.Release|Any CPU.Build.0 = Release|Any CPU
	EndGlobalSection
	GlobalSection(SolutionProperties) = preSolution
		HideSolutionNode = FALSE
	EndGlobalSection
	GlobalSection(ExtensibilityGlobals) = postSolution
		SolutionGuid = {294CF470-38C7-4C3D-B332-6958555E50DB}
	EndGlobalSection
EndGlobal
